PODS:
  - Alamofire (4.5.1)
  - Moya (8.0.5):
    - Moya/Core (= 8.0.5)
  - Moya/Core (8.0.5):
    - Alamofire (~> 4.1)
    - Result (~> 3.0)
  - Nimble (7.0.1)
  - Result (3.2.4)
  - SwiftyJSON (3.1.4)

DEPENDENCIES:
  - Moya (~> 8)
  - Nimble
  - SwiftyJSON

SPEC CHECKSUMS:
  Alamofire: 2d95912bf4c34f164fdfc335872e8c312acaea4a
  Moya: c37eec09a098ba9991b5a963b291fc5704bdb9ef
  Nimble: 657d000e11df8aebe27cdaf9d244de7f30ed87f7
  Result: d2d07204ce72856f1fd9130bbe42c35a7b0fea10
  SwiftyJSON: c2842d878f95482ffceec5709abc3d05680c0220

PODFILE CHECKSUM: 1401bd4e4a0651696c9d483620eab02446ef41a6

COCOAPODS: 1.2.1
